<Solution>
  <Folder Name="/src/">
    <Project Path="src/Analyser/Analyser.csproj" />
    <Project Path="src/Segmenter.Cli/Segmenter.Cli.csproj" />
    <Project Path="src/Segmenter/Segmenter.csproj" />
  </Folder>
  <Folder Name="/test/">
    <Project Path="test/Segmenter.Tests/Segmenter.Tests.csproj" />
  </Folder>
</Solution>
